<Solution>
  <Project Path="Array/Array.csproj" Id="430e49da-a7bf-4d37-9e03-9f199cbd4552" />
  <Project Path="Condition/Condition.csproj" Id="efce5619-65cc-4e09-a32c-c8cfa49981f9" />
  <Project Path="copy/copy.csproj" Id="00985ad3-75c1-4bf6-ba4e-c4d2bcf68456" />
  <Project Path="Exception/Exception.csproj" Id="fcb17916-d902-4030-9b59-2f4cb48364bd" />
  <Project Path="HelloWorld/HelloWorld.csproj" />
  <Project Path="Method/Method.csproj" Id="f5aed835-9f16-4457-bd84-99ec67d273e8" />
  <Project Path="SapXepTangDan/SapXepTangDan.csproj" Id="3d8d7853-5bf9-496b-80e8-6ff840d89236" />
  <Project Path="Stream/dir.csproj" Id="2469b9d7-69c9-4e5a-ba6d-75997c1857dc" />
  <Project Path="TimKiemTrongMang/TimKiemTrongMang.csproj" Id="489560e6-09b2-4248-ac01-e18826b1332b" />
</Solution>
